%{
  "earmark": {:hex, :earmark, "1.4.9", "837e4c1c5302b3135e9955f2bbf52c6c52e950c383983942b68b03909356c0d9", [:mix], [{:earmark_parser, ">= 1.4.9", [hex: :earmark_parser, repo: "hexpm", optional: false]}], "hexpm", "0d72df7d13a3dc8422882bed5263fdec5a773f56f7baeb02379361cb9e5b0d8e"},
  "earmark_parser": {:hex, :earmark_parser, "1.4.9", "819bda2049e6ee1365424e4ced1ba65806eacf0d2867415f19f3f80047f8037b", [:mix], [], "hexpm", "8bf54fddabf2d7e137a0c22660e71b49d5a0a82d1fb05b5af62f2761cd6485c4"},
  "ex_doc": {:hex, :ex_doc, "0.22.1", "9bb6d51508778193a4ea90fa16eac47f8b67934f33f8271d5e1edec2dc0eee4c", [:mix], [{:earmark, "~> 1.4.0", [hex: :earmark, repo: "hexpm", optional: false]}, {:makeup_elixir, "~> 0.14", [hex: :makeup_elixir, repo: "hexpm", optional: false]}], "hexpm", "d957de1b75cb9f78d3ee17820733dc4460114d8b1e11f7ee4fd6546e69b1db60"},
  "html_entities": {:hex, :html_entities, "0.5.1", "1c9715058b42c35a2ab65edc5b36d0ea66dd083767bef6e3edb57870ef556549", [:mix], [], "hexpm", "30efab070904eb897ff05cd52fa61c1025d7f8ef3a9ca250bc4e6513d16c32de"},
  "itsy": {:hex, :itsy, "0.0.4", "984b9b84850bb48c3e02cb47556444476826eacca671fee9767cbfecd503f84c", [:mix], [], "hexpm", "d4e88ad9db28b6cbf972d833e04310b96ba481ac471fabe32f13ce37cd51afed"},
  "makeup": {:hex, :makeup, "1.0.3", "e339e2f766d12e7260e6672dd4047405963c5ec99661abdc432e6ec67d29ef95", [:mix], [{:nimble_parsec, "~> 0.5", [hex: :nimble_parsec, repo: "hexpm", optional: false]}], "hexpm", "2e9b4996d11832947731f7608fed7ad2f9443011b3b479ae288011265cdd3dad"},
  "makeup_elixir": {:hex, :makeup_elixir, "0.14.1", "4f0e96847c63c17841d42c08107405a005a2680eb9c7ccadfd757bd31dabccfb", [:mix], [{:makeup, "~> 1.0", [hex: :makeup, repo: "hexpm", optional: false]}], "hexpm", "f2438b1a80eaec9ede832b5c41cd4f373b38fd7aa33e3b22d9db79e640cbde11"},
  "nimble_parsec": {:hex, :nimble_parsec, "0.6.0", "32111b3bf39137144abd7ba1cce0914533b2d16ef35e8abc5ec8be6122944263", [:mix], [], "hexpm", "27eac315a94909d4dc68bc07a4a83e06c8379237c5ea528a9acff4ca1c873c52"},
  "parsey": {:hex, :parsey, "0.0.3", "0a736c0179886c533c97edb24e7ffe410077ef88d5d5db7313f4cd15fde4cf8f", [:mix], [], "hexpm", "49713435e11ee17c753292faf40beb57051d634339a47bfe2014e1e90126e9af"},
  "png": {:hex, :png, "0.2.1", "b25c17c8dcdc40096d46ae2d7c2777c63fede48fa8c8312cc708c88554049d3b", [:rebar3], [], "hexpm", "279345e07108c604871a21f1c91f716810ab559af2b20d6f302e0a98265ef72e"},
  "simple_markdown": {:hex, :simple_markdown, "0.7.0", "5fc78408958020360186285aa3726f2625134abe6686c8c9ea856c107c7bc056", [:mix], [{:html_entities, "~> 0.3", [hex: :html_entities, repo: "hexpm", optional: false]}, {:parsey, "~> 0.0.3", [hex: :parsey, repo: "hexpm", optional: false]}], "hexpm", "0ad688473788d9954c5129f14a71cb338ceb0d60e12d9bbe9d441e32217c0aa1"},
  "simple_markdown_extension_cli": {:hex, :simple_markdown_extension_cli, "0.1.4", "eae9833cdddb98f5c4534ebd4313ad8954ac555f001331c6d44bbf310210cbf9", [:mix], [{:simple_markdown, "~> 0.3", [hex: :simple_markdown, repo: "hexpm", optional: false]}], "hexpm", "53a63342a2e9fe346aea3dd33c9f7428d6a759356f8923e7f3260e2155ca3f4d"},
  "tonic": {:hex, :tonic, "0.2.2", "80d7e9c6ceaa35b016af701884a7b2cbcc0dab5285fed081dd11106e0aa44d93", [:mix], [], "hexpm", "5a085f550848045825acd9fac59fb84a8128bf8387ca47dfe8aa9579da9ac564"},
  "vox": {:git, "https://github.com/ScrimpyCat/Vox.git", "5a9ebf0e6b0d1df6b68800d38d5fe69aafd9d3ef", []},
}
